
Microsoft Visual Studio Solution File, Format Version 12.00
# Visual Studio 2012
Project("{FAE04EC0-301F-11D3-BF4B-00C04F79EFBC}") = "LibrarySystem", "LibrarySystem\LibrarySystem.csproj", "{0FBA2C5A-38D1-4F8A-BC05-FAAF6BDBA2DC}"
EndProject
Global
	GlobalSection(SolutionConfigurationPlatforms) = preSolution
		Debug|Any CPU = Debug|Any CPU
		Release|Any CPU = Release|Any CPU
	EndGlobalSection
	GlobalSection(ProjectConfigurationPlatforms) = postSolution
		{0FBA2C5A-38D1-4F8A-BC05-FAAF6BDBA2DC}.Debug|Any CPU.ActiveCfg = Debug|Any CPU
		{0FBA2C5A-38D1-4F8A-BC05-FAAF6BDBA2DC}.Debug|Any CPU.Build.0 = Debug|Any CPU
		{0FBA2C5A-38D1-4F8A-BC05-FAAF6BDBA2DC}.Release|Any CPU.ActiveCfg = Release|Any CPU
		{0FBA2C5A-38D1-4F8A-BC05-FAAF6BDBA2DC}.Release|Any CPU.Build.0 = Release|Any CPU
	EndGlobalSection
EndGlobal
